[[package]]
name = "emoji"
version = "1.2.0"
description = "Emoji for Python"
category = "main"
optional = false
python-versions = "*"

[package.extras]
dev = ["pytest", "coverage", "coveralls"]

[metadata]
lock-version = "1.1"
python-versions = "^3.8"
content-hash = "c8981bb6dab1fa3a2541d34bf7469f0d2e0a1b82de6ea7d01ff12959beb8ad48"

[metadata.files]
emoji = [
    {file = "emoji-1.2.0-py3-none-any.whl", hash = "sha256:6b19b65da8d6f30551eead1705539cc0eadcd9e33a6ecbc421a29b87f96287eb"},
    {file = "emoji-1.2.0.tar.gz", hash = "sha256:496f432058567985838c13d67dde84ca081614a8286c0b9cdc7d63dfa89d51a3"},
]
